
Microsoft Visual Studio Solution File, Format Version 12.00
# Visual Studio Version 17
VisualStudioVersion = 17.13.35828.75 d17.13
MinimumVisualStudioVersion = 10.0.40219.1
Project("{FAE04EC0-301F-11D3-BF4B-00C04F79EFBC}") = "MauiAppMeuCombustivel", "MauiAppMeuCombustivel\MauiAppMeuCombustivel.csproj", "{3BE2DDF4-24BA-4DDD-AA0E-2169431A6B01}"
EndProject
Global
	GlobalSection(SolutionConfigurationPlatforms) = preSolution
		Debug|Any CPU = Debug|Any CPU
		Release|Any CPU = Release|Any CPU
	EndGlobalSection
	GlobalSection(ProjectConfigurationPlatforms) = postSolution
		{3BE2DDF4-24BA-4DDD-AA0E-2169431A6B01}.Debug|Any CPU.ActiveCfg = Debug|Any CPU
		{3BE2DDF4-24BA-4DDD-AA0E-2169431A6B01}.Debug|Any CPU.Build.0 = Debug|Any CPU
		{3BE2DDF4-24BA-4DDD-AA0E-2169431A6B01}.Debug|Any CPU.Deploy.0 = Debug|Any CPU
		{3BE2DDF4-24BA-4DDD-AA0E-2169431A6B01}.Release|Any CPU.ActiveCfg = Release|Any CPU
		{3BE2DDF4-24BA-4DDD-AA0E-2169431A6B01}.Release|Any CPU.Build.0 = Release|Any CPU
		{3BE2DDF4-24BA-4DDD-AA0E-2169431A6B01}.Release|Any CPU.Deploy.0 = Release|Any CPU
	EndGlobalSection
	GlobalSection(SolutionProperties) = preSolution
		HideSolutionNode = FALSE
	EndGlobalSection
	GlobalSection(ExtensibilityGlobals) = postSolution
		SolutionGuid = {69DCEA2B-48CA-4489-937F-A026AAD4C3DC}
	EndGlobalSection
EndGlobal
